
Microsoft Visual Studio Solution File, Format Version 12.00
# Visual Studio Version 17
VisualStudioVersion = 17.9.34622.214
MinimumVisualStudioVersion = 10.0.40219.1
Project("{9A19103F-16F7-4668-BE54-9A1E7A4F7556}") = "lista-01-TI224-programacao-multiplataforma", "lista-01-TI224-programacao-multiplataforma.csproj", "{D2083FA8-CA37-4162-9CCD-CACFDEF27E26}"
EndProject
Global
	GlobalSection(SolutionConfigurationPlatforms) = preSolution
		Debug|Any CPU = Debug|Any CPU
		Release|Any CPU = Release|Any CPU
	EndGlobalSection
	GlobalSection(ProjectConfigurationPlatforms) = postSolution
		{D2083FA8-CA37-4162-9CCD-CACFDEF27E26}.Debug|Any CPU.ActiveCfg = Debug|Any CPU
		{D2083FA8-CA37-4162-9CCD-CACFDEF27E26}.Debug|Any CPU.Build.0 = Debug|Any CPU
		{D2083FA8-CA37-4162-9CCD-CACFDEF27E26}.Release|Any CPU.ActiveCfg = Release|Any CPU
		{D2083FA8-CA37-4162-9CCD-CACFDEF27E26}.Release|Any CPU.Build.0 = Release|Any CPU
	EndGlobalSection
	GlobalSection(SolutionProperties) = preSolution
		HideSolutionNode = FALSE
	EndGlobalSection
	GlobalSection(ExtensibilityGlobals) = postSolution
		SolutionGuid = {B73FBD9A-40E8-4561-8748-35825F8FB610}
	EndGlobalSection
EndGlobal
