
Microsoft Visual Studio Solution File, Format Version 12.00
# Visual Studio Version 17
VisualStudioVersion = 17.9.34607.119
MinimumVisualStudioVersion = 10.0.40219.1
Project("{FAE04EC0-301F-11D3-BF4B-00C04F79EFBC}") = "LinkedListDisordered", "LinkedListDisordered.csproj", "{DE2CB082-6086-4E05-884B-330A5C0B5DE1}"
EndProject
Global
	GlobalSection(SolutionConfigurationPlatforms) = preSolution
		Debug|Any CPU = Debug|Any CPU
		Release|Any CPU = Release|Any CPU
	EndGlobalSection
	GlobalSection(ProjectConfigurationPlatforms) = postSolution
		{DE2CB082-6086-4E05-884B-330A5C0B5DE1}.Debug|Any CPU.ActiveCfg = Debug|Any CPU
		{DE2CB082-6086-4E05-884B-330A5C0B5DE1}.Debug|Any CPU.Build.0 = Debug|Any CPU
		{DE2CB082-6086-4E05-884B-330A5C0B5DE1}.Release|Any CPU.ActiveCfg = Release|Any CPU
		{DE2CB082-6086-4E05-884B-330A5C0B5DE1}.Release|Any CPU.Build.0 = Release|Any CPU
	EndGlobalSection
	GlobalSection(SolutionProperties) = preSolution
		HideSolutionNode = FALSE
	EndGlobalSection
	GlobalSection(ExtensibilityGlobals) = postSolution
		SolutionGuid = {3871A892-C8CD-467D-A3B2-B3478CB157A5}
	EndGlobalSection
EndGlobal
