
Microsoft Visual Studio Solution File, Format Version 12.00
# Visual Studio Version 17
VisualStudioVersion = 17.9.34728.123
MinimumVisualStudioVersion = 10.0.40219.1
Project("{FAE04EC0-301F-11D3-BF4B-00C04F79EFBC}") = "Escola", "Escola.csproj", "{8836E773-D7CC-44B0-9F4B-317165296F81}"
EndProject
Global
	GlobalSection(SolutionConfigurationPlatforms) = preSolution
		Debug|Any CPU = Debug|Any CPU
		Release|Any CPU = Release|Any CPU
	EndGlobalSection
	GlobalSection(ProjectConfigurationPlatforms) = postSolution
		{8836E773-D7CC-44B0-9F4B-317165296F81}.Debug|Any CPU.ActiveCfg = Debug|Any CPU
		{8836E773-D7CC-44B0-9F4B-317165296F81}.Debug|Any CPU.Build.0 = Debug|Any CPU
		{8836E773-D7CC-44B0-9F4B-317165296F81}.Release|Any CPU.ActiveCfg = Release|Any CPU
		{8836E773-D7CC-44B0-9F4B-317165296F81}.Release|Any CPU.Build.0 = Release|Any CPU
	EndGlobalSection
	GlobalSection(SolutionProperties) = preSolution
		HideSolutionNode = FALSE
	EndGlobalSection
	GlobalSection(ExtensibilityGlobals) = postSolution
		SolutionGuid = {3D3AAF8B-B804-4047-94E2-7AD97D4B3406}
	EndGlobalSection
EndGlobal
