
Microsoft Visual Studio Solution File, Format Version 12.00
# Visual Studio Version 17
VisualStudioVersion = 17.5.002.0
MinimumVisualStudioVersion = 10.0.40219.1
Project("{9A19103F-16F7-4668-BE54-9A1E7A4F7556}") = "ti224-prova2", "ti224-prova2.csproj", "{B849B23C-7B01-4D90-B4C4-A998F81CDA6F}"
EndProject
Global
	GlobalSection(SolutionConfigurationPlatforms) = preSolution
		Debug|Any CPU = Debug|Any CPU
		Release|Any CPU = Release|Any CPU
	EndGlobalSection
	GlobalSection(ProjectConfigurationPlatforms) = postSolution
		{B849B23C-7B01-4D90-B4C4-A998F81CDA6F}.Debug|Any CPU.ActiveCfg = Debug|Any CPU
		{B849B23C-7B01-4D90-B4C4-A998F81CDA6F}.Debug|Any CPU.Build.0 = Debug|Any CPU
		{B849B23C-7B01-4D90-B4C4-A998F81CDA6F}.Release|Any CPU.ActiveCfg = Release|Any CPU
		{B849B23C-7B01-4D90-B4C4-A998F81CDA6F}.Release|Any CPU.Build.0 = Release|Any CPU
	EndGlobalSection
	GlobalSection(SolutionProperties) = preSolution
		HideSolutionNode = FALSE
	EndGlobalSection
	GlobalSection(ExtensibilityGlobals) = postSolution
		SolutionGuid = {125DC417-97E9-4F49-BE6F-08BE96DAAE1F}
	EndGlobalSection
EndGlobal
