
Microsoft Visual Studio Solution File, Format Version 12.00
# Visual Studio Version 17
VisualStudioVersion = 17.9.34622.214
MinimumVisualStudioVersion = 10.0.40219.1
Project("{FAE04EC0-301F-11D3-BF4B-00C04F79EFBC}") = "Vector", "Vector.csproj", "{F70F2547-FCA1-4753-8946-44654341F197}"
EndProject
Global
	GlobalSection(SolutionConfigurationPlatforms) = preSolution
		Debug|Any CPU = Debug|Any CPU
		Release|Any CPU = Release|Any CPU
	EndGlobalSection
	GlobalSection(ProjectConfigurationPlatforms) = postSolution
		{F70F2547-FCA1-4753-8946-44654341F197}.Debug|Any CPU.ActiveCfg = Debug|Any CPU
		{F70F2547-FCA1-4753-8946-44654341F197}.Debug|Any CPU.Build.0 = Debug|Any CPU
		{F70F2547-FCA1-4753-8946-44654341F197}.Release|Any CPU.ActiveCfg = Release|Any CPU
		{F70F2547-FCA1-4753-8946-44654341F197}.Release|Any CPU.Build.0 = Release|Any CPU
	EndGlobalSection
	GlobalSection(SolutionProperties) = preSolution
		HideSolutionNode = FALSE
	EndGlobalSection
	GlobalSection(ExtensibilityGlobals) = postSolution
		SolutionGuid = {B51C246B-86E4-4164-8315-56DBA9C3033B}
	EndGlobalSection
EndGlobal
