
Microsoft Visual Studio Solution File, Format Version 12.00
# Visual Studio Version 17
VisualStudioVersion = 17.9.34607.119
MinimumVisualStudioVersion = 10.0.40219.1
Project("{FAE04EC0-301F-11D3-BF4B-00C04F79EFBC}") = "Doubly-Linked-List", "Doubly-Linked-List.csproj", "{4EB72725-C32C-4BBB-ABD3-7F6E5ED13CBF}"
EndProject
Global
	GlobalSection(SolutionConfigurationPlatforms) = preSolution
		Debug|Any CPU = Debug|Any CPU
		Release|Any CPU = Release|Any CPU
	EndGlobalSection
	GlobalSection(ProjectConfigurationPlatforms) = postSolution
		{4EB72725-C32C-4BBB-ABD3-7F6E5ED13CBF}.Debug|Any CPU.ActiveCfg = Debug|Any CPU
		{4EB72725-C32C-4BBB-ABD3-7F6E5ED13CBF}.Debug|Any CPU.Build.0 = Debug|Any CPU
		{4EB72725-C32C-4BBB-ABD3-7F6E5ED13CBF}.Release|Any CPU.ActiveCfg = Release|Any CPU
		{4EB72725-C32C-4BBB-ABD3-7F6E5ED13CBF}.Release|Any CPU.Build.0 = Release|Any CPU
	EndGlobalSection
	GlobalSection(SolutionProperties) = preSolution
		HideSolutionNode = FALSE
	EndGlobalSection
	GlobalSection(ExtensibilityGlobals) = postSolution
		SolutionGuid = {75734120-5651-43E2-84EB-363C4A1ED261}
	EndGlobalSection
EndGlobal
