
Microsoft Visual Studio Solution File, Format Version 12.00
# Visual Studio Version 17
VisualStudioVersion = 17.9.34622.214
MinimumVisualStudioVersion = 10.0.40219.1
Project("{FAE04EC0-301F-11D3-BF4B-00C04F79EFBC}") = "Queue", "Queue.csproj", "{49DE5334-38D7-49D5-A864-F91CD5BCA18D}"
EndProject
Global
	GlobalSection(SolutionConfigurationPlatforms) = preSolution
		Debug|Any CPU = Debug|Any CPU
		Release|Any CPU = Release|Any CPU
	EndGlobalSection
	GlobalSection(ProjectConfigurationPlatforms) = postSolution
		{49DE5334-38D7-49D5-A864-F91CD5BCA18D}.Debug|Any CPU.ActiveCfg = Debug|Any CPU
		{49DE5334-38D7-49D5-A864-F91CD5BCA18D}.Debug|Any CPU.Build.0 = Debug|Any CPU
		{49DE5334-38D7-49D5-A864-F91CD5BCA18D}.Release|Any CPU.ActiveCfg = Release|Any CPU
		{49DE5334-38D7-49D5-A864-F91CD5BCA18D}.Release|Any CPU.Build.0 = Release|Any CPU
	EndGlobalSection
	GlobalSection(SolutionProperties) = preSolution
		HideSolutionNode = FALSE
	EndGlobalSection
	GlobalSection(ExtensibilityGlobals) = postSolution
		SolutionGuid = {FAC6C2E4-EA68-4149-A4AF-B2CE765C9F12}
	EndGlobalSection
EndGlobal
