
Microsoft Visual Studio Solution File, Format Version 12.00
# Visual Studio Version 17
VisualStudioVersion = 17.9.34622.214
MinimumVisualStudioVersion = 10.0.40219.1
Project("{FAE04EC0-301F-11D3-BF4B-00C04F79EFBC}") = "LinkedListBilateral", "LinkedListBilateral\LinkedListBilateral.csproj", "{5DA4E04C-F686-47E6-95C9-CF13F0DD29F5}"
EndProject
Global
	GlobalSection(SolutionConfigurationPlatforms) = preSolution
		Debug|Any CPU = Debug|Any CPU
		Release|Any CPU = Release|Any CPU
	EndGlobalSection
	GlobalSection(ProjectConfigurationPlatforms) = postSolution
		{5DA4E04C-F686-47E6-95C9-CF13F0DD29F5}.Debug|Any CPU.ActiveCfg = Debug|Any CPU
		{5DA4E04C-F686-47E6-95C9-CF13F0DD29F5}.Debug|Any CPU.Build.0 = Debug|Any CPU
		{5DA4E04C-F686-47E6-95C9-CF13F0DD29F5}.Release|Any CPU.ActiveCfg = Release|Any CPU
		{5DA4E04C-F686-47E6-95C9-CF13F0DD29F5}.Release|Any CPU.Build.0 = Release|Any CPU
	EndGlobalSection
	GlobalSection(SolutionProperties) = preSolution
		HideSolutionNode = FALSE
	EndGlobalSection
	GlobalSection(ExtensibilityGlobals) = postSolution
		SolutionGuid = {3A84B503-027B-4494-ABC3-284914912654}
	EndGlobalSection
EndGlobal
